{
    "_meta": {
        "hash": {
            "sha256": "66c03518669f49434e308d8759f1ea1fa0f7480ca44db05c3d9e88b0b4621a18"
        },
        "host-environment-markers": {
            "implementation_name": "cpython",
            "implementation_version": "3.6.1",
            "os_name": "posix",
            "platform_machine": "x86_64",
            "platform_python_implementation": "CPython",
            "platform_release": "15.0.0",
            "platform_system": "Darwin",
            "platform_version": "Darwin Kernel Version 15.0.0: Sat Sep 19 15:53:46 PDT 2015; root:xnu-3247.10.11~1/RELEASE_X86_64",
            "python_full_version": "3.6.1",
            "python_version": "3.6",
            "sys_platform": "darwin"
        },
        "pipfile-spec": 6,
        "requires": {},
        "sources": [
            {
                "name": "pypi",
                "url": "https://pypi.python.org/simple",
                "verify_ssl": true
            }
        ]
    },
    "default": {
        "bearlibterminal": {
            "hashes": [
                "sha256:b89b347c5e9f5327ccd23832c6df1f8a163b4762b654c28ceb7207f5e3f4f411",
                "sha256:c6cde8992148364b8d7142c885dce0eac704d7a222af80c4b23d10e167efc9ef",
                "sha256:ad95ef42ea7d733dda43b64213676e39cd3e0b311fd72034e509fd036fa82f41",
                "sha256:f1ccb6e374cb030f3605120a4d648ffe48084b6f8173a17a6f3696efd489791a",
                "sha256:8c48d0d046d6efcac3bbdd6db736f5896695d462a883af4a40a460e306f08fc5"
            ],
            "version": "==0.15.7"
        },
        "cffi": {
            "hashes": [
                "sha256:2c707e97ad7b0417713543be7cb87315c015bb5dd97903480168d60ebe3e313e",
                "sha256:6d8c7e20eb90be9e1ccce8e8dd4ee5163b37289fc5708f9eeafc00adc07ba891",
                "sha256:627298d788edcb317b6a01347428501e773f5e8f2988407231c07e50e3f6c1cf",
                "sha256:bdd28cf8302eeca1b4c70ec727de384d4f6ea640b0e698934fd9b4c3bc88eeb1",
                "sha256:248198cb714fe09f5c60b6acba3675d52199c6142641536796cdf89dd45e5590",
                "sha256:c962cb68987cbfb70b034f153bfa467c615c0b55305d39b3237c4bdbdbc8b0f4",
                "sha256:401ba2f6c1f1672b6c38670e1c00fa5f84f841edd30c32742dab5c7151cd89bf",
                "sha256:1c103c0ee8235c47c4892288b2287014f33e7cb24b9d4a665be3aa744377dcb9",
                "sha256:d7461ef8671ae40f991384bbc4a6b1b79f4e7175d8052584be44041996f46517",
                "sha256:3ac9be5763238da1d6fa467c43e3f86472626837a478588c94165df09e62e120",
                "sha256:d54a7c37f954fdbb971873c935a77ddc33690cec9b7ac254d9f948c43c32fa83",
                "sha256:4d9bf1b23896bcd4d042e823f50ad36fb6d8e1e645a3dfb2fe2f070851489b92",
                "sha256:61cf049b1c649d8eec360a1a1d09a61c37b9b2d542364506e8feb4afd232363d",
                "sha256:ce3da410ae2ab8709565cc3b18fbe9a0eb96ea7b2189416098c48d839ecced84",
                "sha256:e72d8b5056f967ecb57e166537408bc913f2f97dc568027fb6342fcfa9f81d64",
                "sha256:11a8ba88ef6ae89110ef029dae7f1a293365e50bdd0c6ca973beed80cec95ae4",
                "sha256:974f69112721ba2e8a6acd0f6b68a5e11432710a3eca4e4e6f4d7aaf99214ed1",
                "sha256:062c66dabc3faf8e0db1ca09a6b8e308846e5d35f43bed1a68c492b0d96ac171",
                "sha256:03a9b9efc280dbe6be149a7fa689f59a822df009eee633fdaf55a6f38795861f",
                "sha256:8b3d6dc9981cedfb1ddcd4600ec0c7f5ac2c6ad2dc482011c7eecb4ae9c819e0",
                "sha256:09b7d195d163b515ef7c2b2e26a689c9816c83d5319cceac6c36ffdab97ab048",
                "sha256:943b94667749d1cfcd964e215a20b9c891deae913202ee8eacaf2b94164b155f",
                "sha256:89829f5cfbcb5ad568a3d61bd23a8e33ad69b488d8f6a385e0097a4c20742a9b",
                "sha256:ba78da7c940b041cdbb5aaff5afe11e8a8f25fe19564c12eefea5c5bd86930ca",
                "sha256:a79b15b9bb4726672865cf5b0f63dee4835974a2b11b49652d70d49003f5d1f4",
                "sha256:f6799913eb510b682de971ddef062bbb4a200f190e55cae81c413bc1fd4733c1",
                "sha256:e7f5ad6b12f21b77d3a37d5c67260e464f4e9068eb0c0622f61d0e30390b31b6",
                "sha256:5f96c92d5f5713ccb71e76dfa14cf819c59ecb9778e94bcb541e13e6d96d1ce5",
                "sha256:5357b465e3d6b98972b7810f9969c913d365e75b09b7ba813f5f0577fe1ac9f4",
                "sha256:75e1de9ba7c155d89bcf67d149b1c741df553c8158536e8d27e63167403159af",
                "sha256:ab87dd91c0c4073758d07334c1e5f712ce8fe48f007b86f8238773963ee700a6"
            ],
            "version": "==1.11.2"
        },
        "numpy": {
            "hashes": [
                "sha256:910e7ae5eeee8d322775187692c5c66719cd58d230fbfd57245ea3cf75716910",
                "sha256:f5c9ca457057cd5e12ddab36cded8b1f38bf1f45bf550d4ca2839b11ec57f597",
                "sha256:d29e72413b66df23c75b9b469253c823698ea2e00f58e9e0df64b7a50696e8ac",
                "sha256:539345898a4ae17421c159ae2a350901a5e6ce3da8f24168c6c67b3536e13de8",
                "sha256:929928932f91082a168e36984179deddd58f8e98822ad2f33a2955d7c4eec596",
                "sha256:62b09f3d1ea01d79c16a6642cb21599f53b9338c59971b2418a573155d2202ec",
                "sha256:c4b1914d86c43399438518a2ac8bcba2fb64dd5a18efddded3783b9daae70933",
                "sha256:6c6feb0647380db6e1d5d49ef9fb59c42240f25fb8df8b6e82ecb436c7e0621a",
                "sha256:da2f47e46d7a93b73891d1981378717dc73c6ad5cc4fd23c934bfea7847fa958",
                "sha256:4c767b6d9c9a071bb36ea34eb240ee5192fe0bc4c13be5e6c51e0350a30f7ac0",
                "sha256:b2f98838f4bbc3bf23af7e97ffcad18a2dc6bbb0726796781e02b9347af6685f",
                "sha256:11fcbed36c101a3b9c4636e791efccba82409ebbedaba938c97be8bdddd029cc",
                "sha256:8969c8f987f8bcc3e30c014532cfc20e4a8f86a50c361596e086310853adacb7",
                "sha256:2875e8055a1ea8d933b1c9d0f8714c0aa11c097bfadfcb8564c4d868fbf09a41",
                "sha256:09b87d652c03508447d0f618e1d3ae57595acd3e0f0c11ac91bf68ed7bdb3a28",
                "sha256:9cad35b911e150f00bb8080950c7e9f172714bbd0234f5ab74b4e3e2d9288b37",
                "sha256:479863de17f66810db00bccf35289555365da45d3b053ccf539b95ab3b9c24f6",
                "sha256:b162c6b044960b4ea0f42be049ce2af1d18c60f82748f0a27bd5ad182a731bf3",
                "sha256:fa656dccfa9141774440575a6e7875d08b93f4a332eb5ae40877b26bed291c01",
                "sha256:7dfa5b49fb2a080bd0d39bfbcff1177bacb14fcb28c857fd65fd0c18938935de",
                "sha256:e8e0e75db757e41463888939d26c8058b4ecd25e563c597e9119f512dc0ee1da",
                "sha256:c8dc6aa96882df6323bf9545934e37c6e05959bd789ae4b14d50509b093907aa",
                "sha256:36ee86d5adbabc4fa2643a073f93d5504bdfed37a149a3a49f4dde259f35a750"
            ],
            "version": "==1.13.3"
        },
        "pycparser": {
            "hashes": [
                "sha256:99a8ca03e29851d96616ad0404b4aad7d9ee16f25c9f9708a11faf2810f7b226"
            ],
            "version": "==2.18"
        },
        "tdl": {
            "hashes": [
                "sha256:89b0eaa667a4084d14d796627974c7375ad1bcb001a33b68ab632750255ffdf2",
                "sha256:3d43bca7397ae2729ccf309ab81da1f34b4eae0f7768cb8fddad57d1105fd014",
                "sha256:27848ff4be3d92d4da7eaf3e8714ab4e41b6d7ad7d3d7e793125530a4d7a1555",
                "sha256:b5e7b629db3b341397db59b9ac161593dbdbb13bfd12d0f1611aa9a9104615b1",
                "sha256:becf375a16d69c71b32cac2f2e19f350ed1b7a371dff721f490b22268fbba26e",
                "sha256:abf0e2e7cd13f28509d6ddf520b01f431b103295f44cca062700c0c6bf25a796",
                "sha256:53358250babf2dfea8c169e86117f8fcb7b43e197f2bb68432f0eec0329dc7ab",
                "sha256:82d4a53d8dd49a81cf091550c93bf2b7927ec1392da50b74ec87305c947eb9c3",
                "sha256:e87c2b4fffd062aa58385923fce8820c2f47ab6943f1a340de76c1f0875bcb90",
                "sha256:5216b6f04f87237aa76b7bb3e07e366965f7f8a713074b8f873f22190754f07a",
                "sha256:57b698b6f29a10b5a91117b0218f86cd9c889b2ea18114fc9080669644a58353",
                "sha256:0f3f9dab183ae21d5f1e66b3e683ce18f176d9364899a9613fcee74e5029b8cc",
                "sha256:6b17f7a68797ac733437d2b1f7aa53bdd68e72ad5cdf4cbe827e4d98eeb62e58",
                "sha256:a77e1a957e41a1506c73d513be781b18e458b390ed61cffcc8d1ee4622399b97",
                "sha256:333dbfd1455e25910d098ef5a5d0a7aecc10b33c33dc44c34fb8c40f916d8588",
                "sha256:4a49dc7dac568c2abe4278bba02693257a184329ddd814e3cc7d7065e689b99e",
                "sha256:d321b312044aac198e44d4bd7a5029413044177dc0844975882a324901029d61",
                "sha256:6168102da420d607871f041224b5620352d0dacce5b6d87b6160ff6f2ed25249",
                "sha256:7095d29b588a1ada9013793cf44926be311ae1dd6bbc27615e2faab73c58c8e1",
                "sha256:b3e4fafdfb8509cfcab09fad6f30d76c344a7d08e49a6fd3632fe8b4cbf74227",
                "sha256:3d2bc5a40c7eee84e79158418a83f0edc9cc153f8f42b8d7637e7aaa804eaa2b"
            ],
            "version": "==4.1.1"
        }
    },
    "develop": {}
}
